
Microsoft Visual Studio Solution File, Format Version 12.00
# Visual Studio Version 16
VisualStudioVersion = 16.0.30104.148
MinimumVisualStudioVersion = 10.0.40219.1
Project("{FAE04EC0-301F-11D3-BF4B-00C04F79EFBC}") = "FactoryMethod", "FactoryMethod\FactoryMethod.csproj", "{8FA89A8B-3D29-4672-B820-ABFFC44061DB}"
EndProject
Global
	GlobalSection(SolutionConfigurationPlatforms) = preSolution
		Debug|Any CPU = Debug|Any CPU
		Release|Any CPU = Release|Any CPU
	EndGlobalSection
	GlobalSection(ProjectConfigurationPlatforms) = postSolution
		{8FA89A8B-3D29-4672-B820-ABFFC44061DB}.Debug|Any CPU.ActiveCfg = Debug|Any CPU
		{8FA89A8B-3D29-4672-B820-ABFFC44061DB}.Debug|Any CPU.Build.0 = Debug|Any CPU
		{8FA89A8B-3D29-4672-B820-ABFFC44061DB}.Release|Any CPU.ActiveCfg = Release|Any CPU
		{8FA89A8B-3D29-4672-B820-ABFFC44061DB}.Release|Any CPU.Build.0 = Release|Any CPU
	EndGlobalSection
	GlobalSection(SolutionProperties) = preSolution
		HideSolutionNode = FALSE
	EndGlobalSection
	GlobalSection(ExtensibilityGlobals) = postSolution
		SolutionGuid = {B9B222CD-F554-4579-808D-00FE11AF7909}
	EndGlobalSection
EndGlobal
